// !$*UTF8*$!
{
	archiveVersion = 1;
	classes = {
	};
	objectVersion = 46;
	objects = {

/* Begin PBXBuildFile section */
		B012EE9E1ED27AB700198D87 /* AppDelegate.m in Sources */ = {isa = PBXBuildFile; fileRef = B012EE9D1ED27AB700198D87 /* AppDelegate.m */; };
		B012EEA11ED27AB700198D87 /* main.m in Sources */ = {isa = PBXBuildFile; fileRef = B012EEA01ED27AB700198D87 /* main.m */; };
		B012EEA61ED27AB700198D87 /* Assets.xcassets in Resources */ = {isa = PBXBuildFile; fileRef = B012EEA51ED27AB700198D87 /* Assets.xcassets */; };
		B012EEA91ED27AB700198D87 /* Main.storyboard in Resources */ = {isa = PBXBuildFile; fileRef = B012EEA71ED27AB700198D87 /* Main.storyboard */; };
		B012EEB41ED27AB700198D87 /* LaFerrariTests.m in Sources */ = {isa = PBXBuildFile; fileRef = B012EEB31ED27AB700198D87 /* LaFerrariTests.m */; };
		B012EEBF1ED27AB700198D87 /* LaFerrariUITests.m in Sources */ = {isa = PBXBuildFile; fileRef = B012EEBE1ED27AB700198D87 /* LaFerrariUITests.m */; };
		B012EEE71ED27C4500198D87 /* KTBackgroundPickerView.m in Sources */ = {isa = PBXBuildFile; fileRef = B012EECD1ED27C4500198D87 /* KTBackgroundPickerView.m */; };
		B012EEE81ED27C4500198D87 /* KTBrushView.m in Sources */ = {isa = PBXBuildFile; fileRef = B012EECF1ED27C4500198D87 /* KTBrushView.m */; };
		B012EEE91ED27C4500198D87 /* KTButton.m in Sources */ = {isa = PBXBuildFile; fileRef = B012EED11ED27C4500198D87 /* KTButton.m */; };
		B012EEEA1ED27C4500198D87 /* KTCropView.m in Sources */ = {isa = PBXBuildFile; fileRef = B012EED31ED27C4500198D87 /* KTCropView.m */; };
		B012EEEC1ED27C4500198D87 /* KTImageView.m in Sources */ = {isa = PBXBuildFile; fileRef = B012EED71ED27C4500198D87 /* KTImageView.m */; };
		B012EEED1ED27C4500198D87 /* KTListView.m in Sources */ = {isa = PBXBuildFile; fileRef = B012EED91ED27C4500198D87 /* KTListView.m */; };
		B012EEEE1ED27C4500198D87 /* KTListViewItem.m in Sources */ = {isa = PBXBuildFile; fileRef = B012EEDB1ED27C4500198D87 /* KTListViewItem.m */; };
		B012EEEF1ED27C4500198D87 /* KTListViewItem.xib in Resources */ = {isa = PBXBuildFile; fileRef = B012EEDC1ED27C4500198D87 /* KTListViewItem.xib */; };
		B012EEF01ED27C4500198D87 /* KTMattingPickerView.m in Sources */ = {isa = PBXBuildFile; fileRef = B012EEDE1ED27C4500198D87 /* KTMattingPickerView.m */; };
		B012EEF11ED27C4500198D87 /* KTToolbar.m in Sources */ = {isa = PBXBuildFile; fileRef = B012EEE01ED27C4500198D87 /* KTToolbar.m */; };
		B012EEF21ED27C4500198D87 /* NSImage+Utils.mm in Sources */ = {isa = PBXBuildFile; fileRef = B012EEE21ED27C4500198D87 /* NSImage+Utils.mm */; };
		B012EEF31ED27C4500198D87 /* ViewController.mm in Sources */ = {isa = PBXBuildFile; fileRef = B012EEE31ED27C4500198D87 /* ViewController.mm */; };
		B012EEF41ED27C4500198D87 /* VOL3_单品_鞋子_11.jpeg in Resources */ = {isa = PBXBuildFile; fileRef = B012EEE41ED27C4500198D87 /* VOL3_单品_鞋子_11.jpeg */; };
		B012EEF51ED27C4500198D87 /* WindowController.m in Sources */ = {isa = PBXBuildFile; fileRef = B012EEE61ED27C4500198D87 /* WindowController.m */; };
		B012EF011ED27D0B00198D87 /* AlphaSolver.cpp in Sources */ = {isa = PBXBuildFile; fileRef = B012EEF71ED27D0B00198D87 /* AlphaSolver.cpp */; };
		B012EF021ED27D0B00198D87 /* FBSolver.cpp in Sources */ = {isa = PBXBuildFile; fileRef = B012EEF91ED27D0B00198D87 /* FBSolver.cpp */; };
		B012EF031ED27D0B00198D87 /* LNSPMattor.cpp in Sources */ = {isa = PBXBuildFile; fileRef = B012EEFB1ED27D0B00198D87 /* LNSPMattor.cpp */; };
		B012EF041ED27D0B00198D87 /* PLNSPMattor.cpp in Sources */ = {isa = PBXBuildFile; fileRef = B012EEFD1ED27D0B00198D87 /* PLNSPMattor.cpp */; };
		B012EF051ED27D0B00198D87 /* SSMattor.cpp in Sources */ = {isa = PBXBuildFile; fileRef = B012EEFF1ED27D0B00198D87 /* SSMattor.cpp */; };
		B012EF091ED27D5000198D87 /* libopencv_core.a in Frameworks */ = {isa = PBXBuildFile; fileRef = B012EF061ED27D5000198D87 /* libopencv_core.a */; };
		B012EF0A1ED27D5000198D87 /* libopencv_flann.a in Frameworks */ = {isa = PBXBuildFile; fileRef = B012EF071ED27D5000198D87 /* libopencv_flann.a */; };
		B012EF0B1ED27D5000198D87 /* libopencv_imgproc.a in Frameworks */ = {isa = PBXBuildFile; fileRef = B012EF081ED27D5000198D87 /* libopencv_imgproc.a */; };
		B012EF0D1ED27D6300198D87 /* libz.tbd in Frameworks */ = {isa = PBXBuildFile; fileRef = B012EF0C1ED27D6300198D87 /* libz.tbd */; };
		B012EF191ED436B000198D87 /* laferrari.jpg in Resources */ = {isa = PBXBuildFile; fileRef = B012EF181ED436B000198D87 /* laferrari.jpg */; };
		B012EF1C1ED6D59300198D87 /* GCMattor.cpp in Sources */ = {isa = PBXBuildFile; fileRef = B012EF1A1ED6D59300198D87 /* GCMattor.cpp */; };
		B012EF1F1ED918D200198D87 /* KTProgressIndicator.m in Sources */ = {isa = PBXBuildFile; fileRef = B012EF1E1ED918D200198D87 /* KTProgressIndicator.m */; };
		B012EF221ED9837C00198D87 /* KTMatteProcessor.mm in Sources */ = {isa = PBXBuildFile; fileRef = B012EF211ED9837C00198D87 /* KTMatteProcessor.mm */; };
		B012EF251EE968A000198D87 /* KTCurveFit.m in Sources */ = {isa = PBXBuildFile; fileRef = B012EF241EE968A000198D87 /* KTCurveFit.m */; };
		B012EF281EE96D4B00198D87 /* KTElement.m in Sources */ = {isa = PBXBuildFile; fileRef = B012EF271EE96D4B00198D87 /* KTElement.m */; };
		B012EF301EEA17AC00198D87 /* KTUtilities.m in Sources */ = {isa = PBXBuildFile; fileRef = B012EF2F1EEA17AC00198D87 /* KTUtilities.m */; };
		B012EF331EEA19E300198D87 /* KTBezierSegment.m in Sources */ = {isa = PBXBuildFile; fileRef = B012EF321EEA19E300198D87 /* KTBezierSegment.m */; };
		B012EF361EEA466900198D87 /* KTBezierNode.m in Sources */ = {isa = PBXBuildFile; fileRef = B012EF351EEA466900198D87 /* KTBezierNode.m */; };
		B012EF391EEA788800198D87 /* KTLayer.m in Sources */ = {isa = PBXBuildFile; fileRef = B012EF381EEA788800198D87 /* KTLayer.m */; };
		B012EF3C1EEA7A3A00198D87 /* KTDrawing.m in Sources */ = {isa = PBXBuildFile; fileRef = B012EF3B1EEA7A3A00198D87 /* KTDrawing.m */; };
		B012EF3F1EEA87AC00198D87 /* KTXMLElement.m in Sources */ = {isa = PBXBuildFile; fileRef = B012EF3E1EEA87AC00198D87 /* KTXMLElement.m */; };
		B012EF421EEA891900198D87 /* KTSVGHelper.m in Sources */ = {isa = PBXBuildFile; fileRef = B012EF411EEA891900198D87 /* KTSVGHelper.m */; };
		B02F65411EEF9877008196F9 /* KTText.m in Sources */ = {isa = PBXBuildFile; fileRef = B02F65401EEF9877008196F9 /* KTText.m */; };
		B02F65441EEFAB77008196F9 /* KTUserFont.m in Sources */ = {isa = PBXBuildFile; fileRef = B02F65431EEFAB77008196F9 /* KTUserFont.m */; };
		B02F65471EEFB6DF008196F9 /* KTFontManager.m in Sources */ = {isa = PBXBuildFile; fileRef = B02F65461EEFB6DF008196F9 /* KTFontManager.m */; };
		B02F65491EEFD360008196F9 /* BlendModes.plist in Resources */ = {isa = PBXBuildFile; fileRef = B02F65481EEFD360008196F9 /* BlendModes.plist */; };
		B02F654C1EEFE618008196F9 /* KTDrawingController.m in Sources */ = {isa = PBXBuildFile; fileRef = B02F654B1EEFE618008196F9 /* KTDrawingController.m */; };
		B02F654F1EEFEFEA008196F9 /* KTImageData.mm in Sources */ = {isa = PBXBuildFile; fileRef = B02F654E1EEFEFEA008196F9 /* KTImageData.mm */; };
		B02F65521EF0C6C1008196F9 /* KTImage.m in Sources */ = {isa = PBXBuildFile; fileRef = B02F65511EF0C6C1008196F9 /* KTImage.m */; };
		B02F65551EF0DCA4008196F9 /* KTCanvas.m in Sources */ = {isa = PBXBuildFile; fileRef = B02F65541EF0DCA4008196F9 /* KTCanvas.m */; };
		B02F655B1EF13056008196F9 /* KTSelectionView.m in Sources */ = {isa = PBXBuildFile; fileRef = B02F655A1EF13056008196F9 /* KTSelectionView.m */; };
		B08027941EED8B1D001851BB /* KTCompoundPath.m in Sources */ = {isa = PBXBuildFile; fileRef = B08027931EED8B1D001851BB /* KTCompoundPath.m */; };
		B0FE8D161EEAA8B2004AD639 /* KTColor.m in Sources */ = {isa = PBXBuildFile; fileRef = B0FE8D151EEAA8B2004AD639 /* KTColor.m */; };
		B0FE8D1B1EEAF458004AD639 /* KTPickResult.m in Sources */ = {isa = PBXBuildFile; fileRef = B0FE8D1A1EEAF458004AD639 /* KTPickResult.m */; };
		B0FE8D1E1EEAF6C6004AD639 /* KTGroup.m in Sources */ = {isa = PBXBuildFile; fileRef = B0FE8D1D1EEAF6C6004AD639 /* KTGroup.m */; };
		B0FE8D211EEB66A2004AD639 /* KTShadow.m in Sources */ = {isa = PBXBuildFile; fileRef = B0FE8D201EEB66A2004AD639 /* KTShadow.m */; };
		B0FE8D241EEB6F23004AD639 /* KTGLUtilities.m in Sources */ = {isa = PBXBuildFile; fileRef = B0FE8D231EEB6F23004AD639 /* KTGLUtilities.m */; };
		B0FE8D2A1EEBADA6004AD639 /* NSColor+Utils.m in Sources */ = {isa = PBXBuildFile; fileRef = B0FE8D291EEBADA6004AD639 /* NSColor+Utils.m */; };
		B0FE8D2D1EEBB287004AD639 /* KTInspectableProperties.m in Sources */ = {isa = PBXBuildFile; fileRef = B0FE8D2C1EEBB287004AD639 /* KTInspectableProperties.m */; };
		B0FE8D301EECDBC8004AD639 /* KTPropertyManager.m in Sources */ = {isa = PBXBuildFile; fileRef = B0FE8D2F1EECDBC8004AD639 /* KTPropertyManager.m */; };
		B0FE8D331EECE57C004AD639 /* KTFillTransform.m in Sources */ = {isa = PBXBuildFile; fileRef = B0FE8D321EECE57C004AD639 /* KTFillTransform.m */; };
		B0FE8D361EECEFB8004AD639 /* KTStrokeStyle.m in Sources */ = {isa = PBXBuildFile; fileRef = B0FE8D351EECEFB8004AD639 /* KTStrokeStyle.m */; };
		B0FE8D391EED1758004AD639 /* KTGradient.m in Sources */ = {isa = PBXBuildFile; fileRef = B0FE8D381EED1758004AD639 /* KTGradient.m */; };
		B0FE8D3C1EED1B39004AD639 /* KTGradientStop.m in Sources */ = {isa = PBXBuildFile; fileRef = B0FE8D3B1EED1B39004AD639 /* KTGradientStop.m */; };
		B0FE8D3F1EED5C9C004AD639 /* KTStylable.m in Sources */ = {isa = PBXBuildFile; fileRef = B0FE8D3E1EED5C9C004AD639 /* KTStylable.m */; };
		B0FE8D421EED6DF9004AD639 /* KTAbstractPath.m in Sources */ = {isa = PBXBuildFile; fileRef = B0FE8D411EED6DF9004AD639 /* KTAbstractPath.m */; };
		B0FE8D451EED7170004AD639 /* KTPath.m in Sources */ = {isa = PBXBuildFile; fileRef = B0FE8D441EED7170004AD639 /* KTPath.m */; };
		B0FE8D481EED7A34004AD639 /* KTArrowhead.m in Sources */ = {isa = PBXBuildFile; fileRef = B0FE8D471EED7A34004AD639 /* KTArrowhead.m */; };
		B0FE8D4B1EED812D004AD639 /* KTPathFinder.mm in Sources */ = {isa = PBXBuildFile; fileRef = B0FE8D4A1EED812D004AD639 /* KTPathFinder.mm */; };
		B0FE8D5C1EED87EE004AD639 /* AVL.cpp in Sources */ = {isa = PBXBuildFile; fileRef = B0FE8D4D1EED87EE004AD639 /* AVL.cpp */; };
		B0FE8D5D1EED87EE004AD639 /* DblLinked.cpp in Sources */ = {isa = PBXBuildFile; fileRef = B0FE8D4F1EED87EE004AD639 /* DblLinked.cpp */; };
		B0FE8D5E1EED87EE004AD639 /* Path.cpp in Sources */ = {isa = PBXBuildFile; fileRef = B0FE8D531EED87EE004AD639 /* Path.cpp */; };
		B0FE8D5F1EED87EE004AD639 /* PathConversion.cpp in Sources */ = {isa = PBXBuildFile; fileRef = B0FE8D551EED87EE004AD639 /* PathConversion.cpp */; };
		B0FE8D601EED87EE004AD639 /* Shape.cpp in Sources */ = {isa = PBXBuildFile; fileRef = B0FE8D561EED87EE004AD639 /* Shape.cpp */; };
		B0FE8D611EED87EE004AD639 /* ShapeMisc.cpp in Sources */ = {isa = PBXBuildFile; fileRef = B0FE8D581EED87EE004AD639 /* ShapeMisc.cpp */; };
		B0FE8D621EED87EE004AD639 /* ShapeSweep.cpp in Sources */ = {isa = PBXBuildFile; fileRef = B0FE8D591EED87EE004AD639 /* ShapeSweep.cpp */; };
		B0FE8D631EED87EE004AD639 /* ShapeSweepUtils.cpp in Sources */ = {isa = PBXBuildFile; fileRef = B0FE8D5A1EED87EE004AD639 /* ShapeSweepUtils.cpp */; };
/* End PBXBuildFile section */

/* Begin PBXContainerItemProxy section */
		B012EEB01ED27AB700198D87 /* PBXContainerItemProxy */ = {
			isa = PBXContainerItemProxy;
			containerPortal = B012EE911ED27AB700198D87 /* Project object */;
			proxyType = 1;
			remoteGlobalIDString = B012EE981ED27AB700198D87;
			remoteInfo = LaFerrari;
		};
		B012EEBB1ED27AB700198D87 /* PBXContainerItemProxy */ = {
			isa = PBXContainerItemProxy;
			containerPortal = B012EE911ED27AB700198D87 /* Project object */;
			proxyType = 1;
			remoteGlobalIDString = B012EE981ED27AB700198D87;
			remoteInfo = LaFerrari;
		};
/* End PBXContainerItemProxy section */

/* Begin PBXFileReference section */
		B012EE991ED27AB700198D87 /* LaFerrari.app */ = {isa = PBXFileReference; explicitFileType = wrapper.application; includeInIndex = 0; path = LaFerrari.app; sourceTree = BUILT_PRODUCTS_DIR; };
		B012EE9C1ED27AB700198D87 /* AppDelegate.h */ = {isa = PBXFileReference; lastKnownFileType = sourcecode.c.h; path = AppDelegate.h; sourceTree = "<group>"; };
		B012EE9D1ED27AB700198D87 /* AppDelegate.m */ = {isa = PBXFileReference; lastKnownFileType = sourcecode.c.objc; path = AppDelegate.m; sourceTree = "<group>"; };
		B012EEA01ED27AB700198D87 /* main.m */ = {isa = PBXFileReference; lastKnownFileType = sourcecode.c.objc; path = main.m; sourceTree = "<group>"; };
		B012EEA21ED27AB700198D87 /* ViewController.h */ = {isa = PBXFileReference; lastKnownFileType = sourcecode.c.h; path = ViewController.h; sourceTree = "<group>"; };
		B012EEA51ED27AB700198D87 /* Assets.xcassets */ = {isa = PBXFileReference; lastKnownFileType = folder.assetcatalog; path = Assets.xcassets; sourceTree = "<group>"; };
		B012EEA81ED27AB700198D87 /* Base */ = {isa = PBXFileReference; lastKnownFileType = file.storyboard; name = Base; path = Base.lproj/Main.storyboard; sourceTree = "<group>"; };
		B012EEAA1ED27AB700198D87 /* Info.plist */ = {isa = PBXFileReference; lastKnownFileType = text.plist.xml; path = Info.plist; sourceTree = "<group>"; };
		B012EEAF1ED27AB700198D87 /* LaFerrariTests.xctest */ = {isa = PBXFileReference; explicitFileType = wrapper.cfbundle; includeInIndex = 0; path = LaFerrariTests.xctest; sourceTree = BUILT_PRODUCTS_DIR; };
		B012EEB31ED27AB700198D87 /* LaFerrariTests.m */ = {isa = PBXFileReference; lastKnownFileType = sourcecode.c.objc; path = LaFerrariTests.m; sourceTree = "<group>"; };
		B012EEB51ED27AB700198D87 /* Info.plist */ = {isa = PBXFileReference; lastKnownFileType = text.plist.xml; path = Info.plist; sourceTree = "<group>"; };
		B012EEBA1ED27AB700198D87 /* LaFerrariUITests.xctest */ = {isa = PBXFileReference; explicitFileType = wrapper.cfbundle; includeInIndex = 0; path = LaFerrariUITests.xctest; sourceTree = BUILT_PRODUCTS_DIR; };
		B012EEBE1ED27AB700198D87 /* LaFerrariUITests.m */ = {isa = PBXFileReference; lastKnownFileType = sourcecode.c.objc; path = LaFerrariUITests.m; sourceTree = "<group>"; };
		B012EEC01ED27AB700198D87 /* Info.plist */ = {isa = PBXFileReference; lastKnownFileType = text.plist.xml; path = Info.plist; sourceTree = "<group>"; };
		B012EECC1ED27C4500198D87 /* KTBackgroundPickerView.h */ = {isa = PBXFileReference; fileEncoding = 4; lastKnownFileType = sourcecode.c.h; path = KTBackgroundPickerView.h; sourceTree = "<group>"; };
		B012EECD1ED27C4500198D87 /* KTBackgroundPickerView.m */ = {isa = PBXFileReference; fileEncoding = 4; lastKnownFileType = sourcecode.c.objc; path = KTBackgroundPickerView.m; sourceTree = "<group>"; };
		B012EECE1ED27C4500198D87 /* KTBrushView.h */ = {isa = PBXFileReference; fileEncoding = 4; lastKnownFileType = sourcecode.c.h; path = KTBrushView.h; sourceTree = "<group>"; };
		B012EECF1ED27C4500198D87 /* KTBrushView.m */ = {isa = PBXFileReference; fileEncoding = 4; lastKnownFileType = sourcecode.c.objc; path = KTBrushView.m; sourceTree = "<group>"; };
		B012EED01ED27C4500198D87 /* KTButton.h */ = {isa = PBXFileReference; fileEncoding = 4; lastKnownFileType = sourcecode.c.h; path = KTButton.h; sourceTree = "<group>"; };
		B012EED11ED27C4500198D87 /* KTButton.m */ = {isa = PBXFileReference; fileEncoding = 4; lastKnownFileType = sourcecode.c.objc; path = KTButton.m; sourceTree = "<group>"; };
		B012EED21ED27C4500198D87 /* KTCropView.h */ = {isa = PBXFileReference; fileEncoding = 4; lastKnownFileType = sourcecode.c.h; path = KTCropView.h; sourceTree = "<group>"; };
		B012EED31ED27C4500198D87 /* KTCropView.m */ = {isa = PBXFileReference; fileEncoding = 4; lastKnownFileType = sourcecode.c.objc; path = KTCropView.m; sourceTree = "<group>"; };
		B012EED61ED27C4500198D87 /* KTImageView.h */ = {isa = PBXFileReference; fileEncoding = 4; lastKnownFileType = sourcecode.c.h; path = KTImageView.h; sourceTree = "<group>"; };
		B012EED71ED27C4500198D87 /* KTImageView.m */ = {isa = PBXFileReference; fileEncoding = 4; lastKnownFileType = sourcecode.c.objc; path = KTImageView.m; sourceTree = "<group>"; };
		B012EED81ED27C4500198D87 /* KTListView.h */ = {isa = PBXFileReference; fileEncoding = 4; lastKnownFileType = sourcecode.c.h; path = KTListView.h; sourceTree = "<group>"; };
		B012EED91ED27C4500198D87 /* KTListView.m */ = {isa = PBXFileReference; fileEncoding = 4; lastKnownFileType = sourcecode.c.objc; path = KTListView.m; sourceTree = "<group>"; };
		B012EEDA1ED27C4500198D87 /* KTListViewItem.h */ = {isa = PBXFileReference; fileEncoding = 4; lastKnownFileType = sourcecode.c.h; path = KTListViewItem.h; sourceTree = "<group>"; };
		B012EEDB1ED27C4500198D87 /* KTListViewItem.m */ = {isa = PBXFileReference; fileEncoding = 4; lastKnownFileType = sourcecode.c.objc; path = KTListViewItem.m; sourceTree = "<group>"; };
		B012EEDC1ED27C4500198D87 /* KTListViewItem.xib */ = {isa = PBXFileReference; fileEncoding = 4; lastKnownFileType = file.xib; path = KTListViewItem.xib; sourceTree = "<group>"; };
		B012EEDD1ED27C4500198D87 /* KTMattingPickerView.h */ = {isa = PBXFileReference; fileEncoding = 4; lastKnownFileType = sourcecode.c.h; path = KTMattingPickerView.h; sourceTree = "<group>"; };
		B012EEDE1ED27C4500198D87 /* KTMattingPickerView.m */ = {isa = PBXFileReference; fileEncoding = 4; lastKnownFileType = sourcecode.c.objc; path = KTMattingPickerView.m; sourceTree = "<group>"; };
		B012EEDF1ED27C4500198D87 /* KTToolbar.h */ = {isa = PBXFileReference; fileEncoding = 4; lastKnownFileType = sourcecode.c.h; path = KTToolbar.h; sourceTree = "<group>"; };
		B012EEE01ED27C4500198D87 /* KTToolbar.m */ = {isa = PBXFileReference; fileEncoding = 4; lastKnownFileType = sourcecode.c.objc; path = KTToolbar.m; sourceTree = "<group>"; };
		B012EEE11ED27C4500198D87 /* NSImage+Utils.h */ = {isa = PBXFileReference; fileEncoding = 4; lastKnownFileType = sourcecode.c.h; path = "NSImage+Utils.h"; sourceTree = "<group>"; };
		B012EEE21ED27C4500198D87 /* NSImage+Utils.mm */ = {isa = PBXFileReference; fileEncoding = 4; lastKnownFileType = sourcecode.cpp.objcpp; path = "NSImage+Utils.mm"; sourceTree = "<group>"; };
		B012EEE31ED27C4500198D87 /* ViewController.mm */ = {isa = PBXFileReference; fileEncoding = 4; lastKnownFileType = sourcecode.cpp.objcpp; path = ViewController.mm; sourceTree = "<group>"; };
		B012EEE41ED27C4500198D87 /* VOL3_单品_鞋子_11.jpeg */ = {isa = PBXFileReference; lastKnownFileType = image.jpeg; path = "VOL3_单品_鞋子_11.jpeg"; sourceTree = "<group>"; };
		B012EEE51ED27C4500198D87 /* WindowController.h */ = {isa = PBXFileReference; fileEncoding = 4; lastKnownFileType = sourcecode.c.h; path = WindowController.h; sourceTree = "<group>"; };
		B012EEE61ED27C4500198D87 /* WindowController.m */ = {isa = PBXFileReference; fileEncoding = 4; lastKnownFileType = sourcecode.c.objc; path = WindowController.m; sourceTree = "<group>"; };
		B012EEF71ED27D0B00198D87 /* AlphaSolver.cpp */ = {isa = PBXFileReference; fileEncoding = 4; lastKnownFileType = sourcecode.cpp.cpp; name = AlphaSolver.cpp; path = AlphaMattor/AlphaMattor/AlphaSolver/AlphaSolver.cpp; sourceTree = SOURCE_ROOT; };
		B012EEF81ED27D0B00198D87 /* AlphaSolver.hpp */ = {isa = PBXFileReference; fileEncoding = 4; lastKnownFileType = sourcecode.cpp.h; name = AlphaSolver.hpp; path = AlphaMattor/AlphaMattor/AlphaSolver/AlphaSolver.hpp; sourceTree = SOURCE_ROOT; };
		B012EEF91ED27D0B00198D87 /* FBSolver.cpp */ = {isa = PBXFileReference; fileEncoding = 4; lastKnownFileType = sourcecode.cpp.cpp; name = FBSolver.cpp; path = AlphaMattor/AlphaMattor/AlphaSolver/FBSolver.cpp; sourceTree = SOURCE_ROOT; };
		B012EEFA1ED27D0B00198D87 /* FBSolver.hpp */ = {isa = PBXFileReference; fileEncoding = 4; lastKnownFileType = sourcecode.cpp.h; name = FBSolver.hpp; path = AlphaMattor/AlphaMattor/AlphaSolver/FBSolver.hpp; sourceTree = SOURCE_ROOT; };
		B012EEFB1ED27D0B00198D87 /* LNSPMattor.cpp */ = {isa = PBXFileReference; fileEncoding = 4; lastKnownFileType = sourcecode.cpp.cpp; name = LNSPMattor.cpp; path = AlphaMattor/AlphaMattor/AlphaSolver/LNSPMattor.cpp; sourceTree = SOURCE_ROOT; };
		B012EEFC1ED27D0B00198D87 /* LNSPMattor.hpp */ = {isa = PBXFileReference; fileEncoding = 4; lastKnownFileType = sourcecode.cpp.h; name = LNSPMattor.hpp; path = AlphaMattor/AlphaMattor/AlphaSolver/LNSPMattor.hpp; sourceTree = SOURCE_ROOT; };
		B012EEFD1ED27D0B00198D87 /* PLNSPMattor.cpp */ = {isa = PBXFileReference; fileEncoding = 4; lastKnownFileType = sourcecode.cpp.cpp; name = PLNSPMattor.cpp; path = AlphaMattor/AlphaMattor/AlphaSolver/PLNSPMattor.cpp; sourceTree = SOURCE_ROOT; };
		B012EEFE1ED27D0B00198D87 /* PLNSPMattor.hpp */ = {isa = PBXFileReference; fileEncoding = 4; lastKnownFileType = sourcecode.cpp.h; name = PLNSPMattor.hpp; path = AlphaMattor/AlphaMattor/AlphaSolver/PLNSPMattor.hpp; sourceTree = SOURCE_ROOT; };
		B012EEFF1ED27D0B00198D87 /* SSMattor.cpp */ = {isa = PBXFileReference; fileEncoding = 4; lastKnownFileType = sourcecode.cpp.cpp; name = SSMattor.cpp; path = AlphaMattor/AlphaMattor/AlphaSolver/SSMattor.cpp; sourceTree = SOURCE_ROOT; };
		B012EF001ED27D0B00198D87 /* SSMattor.hpp */ = {isa = PBXFileReference; fileEncoding = 4; lastKnownFileType = sourcecode.cpp.h; name = SSMattor.hpp; path = AlphaMattor/AlphaMattor/AlphaSolver/SSMattor.hpp; sourceTree = SOURCE_ROOT; };
		B012EF061ED27D5000198D87 /* libopencv_core.a */ = {isa = PBXFileReference; lastKnownFileType = archive.ar; name = libopencv_core.a; path = opencv/lib/libopencv_core.a; sourceTree = "<group>"; };
		B012EF071ED27D5000198D87 /* libopencv_flann.a */ = {isa = PBXFileReference; lastKnownFileType = archive.ar; name = libopencv_flann.a; path = opencv/lib/libopencv_flann.a; sourceTree = "<group>"; };
		B012EF081ED27D5000198D87 /* libopencv_imgproc.a */ = {isa = PBXFileReference; lastKnownFileType = archive.ar; name = libopencv_imgproc.a; path = opencv/lib/libopencv_imgproc.a; sourceTree = "<group>"; };
		B012EF0C1ED27D6300198D87 /* libz.tbd */ = {isa = PBXFileReference; lastKnownFileType = "sourcecode.text-based-dylib-definition"; name = libz.tbd; path = usr/lib/libz.tbd; sourceTree = SDKROOT; };
		B012EF181ED436B000198D87 /* laferrari.jpg */ = {isa = PBXFileReference; lastKnownFileType = image.jpeg; path = laferrari.jpg; sourceTree = "<group>"; };
		B012EF1A1ED6D59300198D87 /* GCMattor.cpp */ = {isa = PBXFileReference; fileEncoding = 4; lastKnownFileType = sourcecode.cpp.cpp; name = GCMattor.cpp; path = AlphaMattor/AlphaMattor/AlphaSolver/GCMattor.cpp; sourceTree = SOURCE_ROOT; };
		B012EF1B1ED6D59300198D87 /* GCMattor.hpp */ = {isa = PBXFileReference; fileEncoding = 4; lastKnownFileType = sourcecode.cpp.h; name = GCMattor.hpp; path = AlphaMattor/AlphaMattor/AlphaSolver/GCMattor.hpp; sourceTree = SOURCE_ROOT; };
		B012EF1D1ED918D200198D87 /* KTProgressIndicator.h */ = {isa = PBXFileReference; fileEncoding = 4; lastKnownFileType = sourcecode.c.h; path = KTProgressIndicator.h; sourceTree = "<group>"; };
		B012EF1E1ED918D200198D87 /* KTProgressIndicator.m */ = {isa = PBXFileReference; fileEncoding = 4; lastKnownFileType = sourcecode.c.objc; path = KTProgressIndicator.m; sourceTree = "<group>"; };
		B012EF201ED9837C00198D87 /* KTMatteProcessor.h */ = {isa = PBXFileReference; fileEncoding = 4; lastKnownFileType = sourcecode.c.h; path = KTMatteProcessor.h; sourceTree = "<group>"; };
		B012EF211ED9837C00198D87 /* KTMatteProcessor.mm */ = {isa = PBXFileReference; fileEncoding = 4; lastKnownFileType = sourcecode.cpp.objcpp; path = KTMatteProcessor.mm; sourceTree = "<group>"; };
		B012EF231EE968A000198D87 /* KTCurveFit.h */ = {isa = PBXFileReference; fileEncoding = 4; lastKnownFileType = sourcecode.c.h; path = KTCurveFit.h; sourceTree = "<group>"; };
		B012EF241EE968A000198D87 /* KTCurveFit.m */ = {isa = PBXFileReference; fileEncoding = 4; lastKnownFileType = sourcecode.c.objc; path = KTCurveFit.m; sourceTree = "<group>"; };
		B012EF261EE96D4B00198D87 /* KTElement.h */ = {isa = PBXFileReference; fileEncoding = 4; lastKnownFileType = sourcecode.c.h; path = KTElement.h; sourceTree = "<group>"; };
		B012EF271EE96D4B00198D87 /* KTElement.m */ = {isa = PBXFileReference; fileEncoding = 4; lastKnownFileType = sourcecode.c.objc; path = KTElement.m; sourceTree = "<group>"; };
		B012EF2E1EEA17AC00198D87 /* KTUtilities.h */ = {isa = PBXFileReference; fileEncoding = 4; lastKnownFileType = sourcecode.c.h; path = KTUtilities.h; sourceTree = "<group>"; };
		B012EF2F1EEA17AC00198D87 /* KTUtilities.m */ = {isa = PBXFileReference; fileEncoding = 4; lastKnownFileType = sourcecode.c.objc; path = KTUtilities.m; sourceTree = "<group>"; };
		B012EF311EEA19E300198D87 /* KTBezierSegment.h */ = {isa = PBXFileReference; fileEncoding = 4; lastKnownFileType = sourcecode.c.h; path = KTBezierSegment.h; sourceTree = "<group>"; };
		B012EF321EEA19E300198D87 /* KTBezierSegment.m */ = {isa = PBXFileReference; fileEncoding = 4; lastKnownFileType = sourcecode.c.objc; path = KTBezierSegment.m; sourceTree = "<group>"; };
		B012EF341EEA466900198D87 /* KTBezierNode.h */ = {isa = PBXFileReference; fileEncoding = 4; lastKnownFileType = sourcecode.c.h; path = KTBezierNode.h; sourceTree = "<group>"; };
		B012EF351EEA466900198D87 /* KTBezierNode.m */ = {isa = PBXFileReference; fileEncoding = 4; lastKnownFileType = sourcecode.c.objc; path = KTBezierNode.m; sourceTree = "<group>"; };
		B012EF371EEA788800198D87 /* KTLayer.h */ = {isa = PBXFileReference; fileEncoding = 4; lastKnownFileType = sourcecode.c.h; path = KTLayer.h; sourceTree = "<group>"; };
		B012EF381EEA788800198D87 /* KTLayer.m */ = {isa = PBXFileReference; fileEncoding = 4; lastKnownFileType = sourcecode.c.objc; path = KTLayer.m; sourceTree = "<group>"; };
		B012EF3A1EEA7A3A00198D87 /* KTDrawing.h */ = {isa = PBXFileReference; fileEncoding = 4; lastKnownFileType = sourcecode.c.h; path = KTDrawing.h; sourceTree = "<group>"; };
		B012EF3B1EEA7A3A00198D87 /* KTDrawing.m */ = {isa = PBXFileReference; fileEncoding = 4; lastKnownFileType = sourcecode.c.objc; path = KTDrawing.m; sourceTree = "<group>"; };
		B012EF3D1EEA87AC00198D87 /* KTXMLElement.h */ = {isa = PBXFileReference; fileEncoding = 4; lastKnownFileType = sourcecode.c.h; path = KTXMLElement.h; sourceTree = "<group>"; };
		B012EF3E1EEA87AC00198D87 /* KTXMLElement.m */ = {isa = PBXFileReference; fileEncoding = 4; lastKnownFileType = sourcecode.c.objc; path = KTXMLElement.m; sourceTree = "<group>"; };
		B012EF401EEA891900198D87 /* KTSVGHelper.h */ = {isa = PBXFileReference; fileEncoding = 4; lastKnownFileType = sourcecode.c.h; path = KTSVGHelper.h; sourceTree = "<group>"; };
		B012EF411EEA891900198D87 /* KTSVGHelper.m */ = {isa = PBXFileReference; fileEncoding = 4; lastKnownFileType = sourcecode.c.objc; path = KTSVGHelper.m; sourceTree = "<group>"; };
		B02F653F1EEF9877008196F9 /* KTText.h */ = {isa = PBXFileReference; fileEncoding = 4; lastKnownFileType = sourcecode.c.h; path = KTText.h; sourceTree = "<group>"; };
		B02F65401EEF9877008196F9 /* KTText.m */ = {isa = PBXFileReference; fileEncoding = 4; lastKnownFileType = sourcecode.c.objc; path = KTText.m; sourceTree = "<group>"; };
		B02F65421EEFAB77008196F9 /* KTUserFont.h */ = {isa = PBXFileReference; fileEncoding = 4; lastKnownFileType = sourcecode.c.h; path = KTUserFont.h; sourceTree = "<group>"; };
		B02F65431EEFAB77008196F9 /* KTUserFont.m */ = {isa = PBXFileReference; fileEncoding = 4; lastKnownFileType = sourcecode.c.objc; path = KTUserFont.m; sourceTree = "<group>"; };
		B02F65451EEFB6DF008196F9 /* KTFontManager.h */ = {isa = PBXFileReference; fileEncoding = 4; lastKnownFileType = sourcecode.c.h; path = KTFontManager.h; sourceTree = "<group>"; };
		B02F65461EEFB6DF008196F9 /* KTFontManager.m */ = {isa = PBXFileReference; fileEncoding = 4; lastKnownFileType = sourcecode.c.objc; path = KTFontManager.m; sourceTree = "<group>"; };
		B02F65481EEFD360008196F9 /* BlendModes.plist */ = {isa = PBXFileReference; fileEncoding = 4; lastKnownFileType = text.plist.xml; path = BlendModes.plist; sourceTree = "<group>"; };
		B02F654A1EEFE618008196F9 /* KTDrawingController.h */ = {isa = PBXFileReference; fileEncoding = 4; lastKnownFileType = sourcecode.c.h; path = KTDrawingController.h; sourceTree = "<group>"; };
		B02F654B1EEFE618008196F9 /* KTDrawingController.m */ = {isa = PBXFileReference; fileEncoding = 4; lastKnownFileType = sourcecode.c.objc; path = KTDrawingController.m; sourceTree = "<group>"; };
		B02F654D1EEFEFEA008196F9 /* KTImageData.h */ = {isa = PBXFileReference; fileEncoding = 4; lastKnownFileType = sourcecode.c.h; path = KTImageData.h; sourceTree = "<group>"; };
		B02F654E1EEFEFEA008196F9 /* KTImageData.mm */ = {isa = PBXFileReference; fileEncoding = 4; lastKnownFileType = sourcecode.cpp.objcpp; path = KTImageData.mm; sourceTree = "<group>"; };
		B02F65501EF0C6C1008196F9 /* KTImage.h */ = {isa = PBXFileReference; fileEncoding = 4; lastKnownFileType = sourcecode.c.h; path = KTImage.h; sourceTree = "<group>"; };
		B02F65511EF0C6C1008196F9 /* KTImage.m */ = {isa = PBXFileReference; fileEncoding = 4; lastKnownFileType = sourcecode.c.objc; path = KTImage.m; sourceTree = "<group>"; };
		B02F65531EF0DCA4008196F9 /* KTCanvas.h */ = {isa = PBXFileReference; fileEncoding = 4; lastKnownFileType = sourcecode.c.h; path = KTCanvas.h; sourceTree = "<group>"; };
		B02F65541EF0DCA4008196F9 /* KTCanvas.m */ = {isa = PBXFileReference; fileEncoding = 4; lastKnownFileType = sourcecode.c.objc; path = KTCanvas.m; sourceTree = "<group>"; };
		B02F65591EF13056008196F9 /* KTSelectionView.h */ = {isa = PBXFileReference; fileEncoding = 4; lastKnownFileType = sourcecode.c.h; path = KTSelectionView.h; sourceTree = "<group>"; };
		B02F655A1EF13056008196F9 /* KTSelectionView.m */ = {isa = PBXFileReference; fileEncoding = 4; lastKnownFileType = sourcecode.c.objc; path = KTSelectionView.m; sourceTree = "<group>"; };
		B08027921EED8B1D001851BB /* KTCompoundPath.h */ = {isa = PBXFileReference; fileEncoding = 4; lastKnownFileType = sourcecode.c.h; path = KTCompoundPath.h; sourceTree = "<group>"; };
		B08027931EED8B1D001851BB /* KTCompoundPath.m */ = {isa = PBXFileReference; fileEncoding = 4; lastKnownFileType = sourcecode.c.objc; path = KTCompoundPath.m; sourceTree = "<group>"; };
		B0FE8D141EEAA8B2004AD639 /* KTColor.h */ = {isa = PBXFileReference; fileEncoding = 4; lastKnownFileType = sourcecode.c.h; path = KTColor.h; sourceTree = "<group>"; };
		B0FE8D151EEAA8B2004AD639 /* KTColor.m */ = {isa = PBXFileReference; fileEncoding = 4; lastKnownFileType = sourcecode.c.objc; path = KTColor.m; sourceTree = "<group>"; };
		B0FE8D171EEAA935004AD639 /* KTPathPainter.h */ = {isa = PBXFileReference; fileEncoding = 4; lastKnownFileType = sourcecode.c.h; path = KTPathPainter.h; sourceTree = "<group>"; };
		B0FE8D181EEAAA18004AD639 /* KTTextRenderer.h */ = {isa = PBXFileReference; fileEncoding = 4; lastKnownFileType = sourcecode.c.h; path = KTTextRenderer.h; sourceTree = "<group>"; };
		B0FE8D191EEAF458004AD639 /* KTPickResult.h */ = {isa = PBXFileReference; fileEncoding = 4; lastKnownFileType = sourcecode.c.h; path = KTPickResult.h; sourceTree = "<group>"; };
		B0FE8D1A1EEAF458004AD639 /* KTPickResult.m */ = {isa = PBXFileReference; fileEncoding = 4; lastKnownFileType = sourcecode.c.objc; path = KTPickResult.m; sourceTree = "<group>"; };
		B0FE8D1C1EEAF6C6004AD639 /* KTGroup.h */ = {isa = PBXFileReference; fileEncoding = 4; lastKnownFileType = sourcecode.c.h; path = KTGroup.h; sourceTree = "<group>"; };
		B0FE8D1D1EEAF6C6004AD639 /* KTGroup.m */ = {isa = PBXFileReference; fileEncoding = 4; lastKnownFileType = sourcecode.c.objc; path = KTGroup.m; sourceTree = "<group>"; };
		B0FE8D1F1EEB66A2004AD639 /* KTShadow.h */ = {isa = PBXFileReference; fileEncoding = 4; lastKnownFileType = sourcecode.c.h; path = KTShadow.h; sourceTree = "<group>"; };
		B0FE8D201EEB66A2004AD639 /* KTShadow.m */ = {isa = PBXFileReference; fileEncoding = 4; lastKnownFileType = sourcecode.c.objc; path = KTShadow.m; sourceTree = "<group>"; };
		B0FE8D221EEB6F23004AD639 /* KTGLUtilities.h */ = {isa = PBXFileReference; fileEncoding = 4; lastKnownFileType = sourcecode.c.h; path = KTGLUtilities.h; sourceTree = "<group>"; };
		B0FE8D231EEB6F23004AD639 /* KTGLUtilities.m */ = {isa = PBXFileReference; fileEncoding = 4; lastKnownFileType = sourcecode.c.objc; path = KTGLUtilities.m; sourceTree = "<group>"; };
		B0FE8D281EEBADA6004AD639 /* NSColor+Utils.h */ = {isa = PBXFileReference; fileEncoding = 4; lastKnownFileType = sourcecode.c.h; path = "NSColor+Utils.h"; sourceTree = "<group>"; };
		B0FE8D291EEBADA6004AD639 /* NSColor+Utils.m */ = {isa = PBXFileReference; fileEncoding = 4; lastKnownFileType = sourcecode.c.objc; path = "NSColor+Utils.m"; sourceTree = "<group>"; };
		B0FE8D2B1EEBB287004AD639 /* KTInspectableProperties.h */ = {isa = PBXFileReference; fileEncoding = 4; lastKnownFileType = sourcecode.c.h; path = KTInspectableProperties.h; sourceTree = "<group>"; };
		B0FE8D2C1EEBB287004AD639 /* KTInspectableProperties.m */ = {isa = PBXFileReference; fileEncoding = 4; lastKnownFileType = sourcecode.c.objc; path = KTInspectableProperties.m; sourceTree = "<group>"; };
		B0FE8D2E1EECDBC8004AD639 /* KTPropertyManager.h */ = {isa = PBXFileReference; fileEncoding = 4; lastKnownFileType = sourcecode.c.h; path = KTPropertyManager.h; sourceTree = "<group>"; };
		B0FE8D2F1EECDBC8004AD639 /* KTPropertyManager.m */ = {isa = PBXFileReference; fileEncoding = 4; lastKnownFileType = sourcecode.c.objc; path = KTPropertyManager.m; sourceTree = "<group>"; };
		B0FE8D311EECE57C004AD639 /* KTFillTransform.h */ = {isa = PBXFileReference; fileEncoding = 4; lastKnownFileType = sourcecode.c.h; path = KTFillTransform.h; sourceTree = "<group>"; };
		B0FE8D321EECE57C004AD639 /* KTFillTransform.m */ = {isa = PBXFileReference; fileEncoding = 4; lastKnownFileType = sourcecode.c.objc; path = KTFillTransform.m; sourceTree = "<group>"; };
		B0FE8D341EECEFB8004AD639 /* KTStrokeStyle.h */ = {isa = PBXFileReference; fileEncoding = 4; lastKnownFileType = sourcecode.c.h; path = KTStrokeStyle.h; sourceTree = "<group>"; };
		B0FE8D351EECEFB8004AD639 /* KTStrokeStyle.m */ = {isa = PBXFileReference; fileEncoding = 4; lastKnownFileType = sourcecode.c.objc; path = KTStrokeStyle.m; sourceTree = "<group>"; };
		B0FE8D371EED1758004AD639 /* KTGradient.h */ = {isa = PBXFileReference; fileEncoding = 4; lastKnownFileType = sourcecode.c.h; path = KTGradient.h; sourceTree = "<group>"; };
		B0FE8D381EED1758004AD639 /* KTGradient.m */ = {isa = PBXFileReference; fileEncoding = 4; lastKnownFileType = sourcecode.c.objc; path = KTGradient.m; sourceTree = "<group>"; };
		B0FE8D3A1EED1B39004AD639 /* KTGradientStop.h */ = {isa = PBXFileReference; fileEncoding = 4; lastKnownFileType = sourcecode.c.h; path = KTGradientStop.h; sourceTree = "<group>"; };
		B0FE8D3B1EED1B39004AD639 /* KTGradientStop.m */ = {isa = PBXFileReference; fileEncoding = 4; lastKnownFileType = sourcecode.c.objc; path = KTGradientStop.m; sourceTree = "<group>"; };
		B0FE8D3D1EED5C9C004AD639 /* KTStylable.h */ = {isa = PBXFileReference; fileEncoding = 4; lastKnownFileType = sourcecode.c.h; path = KTStylable.h; sourceTree = "<group>"; };
		B0FE8D3E1EED5C9C004AD639 /* KTStylable.m */ = {isa = PBXFileReference; fileEncoding = 4; lastKnownFileType = sourcecode.c.objc; path = KTStylable.m; sourceTree = "<group>"; };
		B0FE8D401EED6DF9004AD639 /* KTAbstractPath.h */ = {isa = PBXFileReference; fileEncoding = 4; lastKnownFileType = sourcecode.c.h; path = KTAbstractPath.h; sourceTree = "<group>"; };
		B0FE8D411EED6DF9004AD639 /* KTAbstractPath.m */ = {isa = PBXFileReference; fileEncoding = 4; lastKnownFileType = sourcecode.c.objc; path = KTAbstractPath.m; sourceTree = "<group>"; };
		B0FE8D431EED7170004AD639 /* KTPath.h */ = {isa = PBXFileReference; fileEncoding = 4; lastKnownFileType = sourcecode.c.h; path = KTPath.h; sourceTree = "<group>"; };
		B0FE8D441EED7170004AD639 /* KTPath.m */ = {isa = PBXFileReference; fileEncoding = 4; lastKnownFileType = sourcecode.c.objc; path = KTPath.m; sourceTree = "<group>"; };
		B0FE8D461EED7A34004AD639 /* KTArrowhead.h */ = {isa = PBXFileReference; fileEncoding = 4; lastKnownFileType = sourcecode.c.h; path = KTArrowhead.h; sourceTree = "<group>"; };
		B0FE8D471EED7A34004AD639 /* KTArrowhead.m */ = {isa = PBXFileReference; fileEncoding = 4; lastKnownFileType = sourcecode.c.objc; path = KTArrowhead.m; sourceTree = "<group>"; };
		B0FE8D491EED812D004AD639 /* KTPathFinder.h */ = {isa = PBXFileReference; fileEncoding = 4; lastKnownFileType = sourcecode.c.h; path = KTPathFinder.h; sourceTree = "<group>"; };
		B0FE8D4A1EED812D004AD639 /* KTPathFinder.mm */ = {isa = PBXFileReference; fileEncoding = 4; lastKnownFileType = sourcecode.cpp.objcpp; path = KTPathFinder.mm; sourceTree = "<group>"; };
		B0FE8D4D1EED87EE004AD639 /* AVL.cpp */ = {isa = PBXFileReference; fileEncoding = 4; lastKnownFileType = sourcecode.cpp.cpp; path = AVL.cpp; sourceTree = "<group>"; };
		B0FE8D4E1EED87EE004AD639 /* AVL.h */ = {isa = PBXFileReference; fileEncoding = 4; lastKnownFileType = sourcecode.c.h; path = AVL.h; sourceTree = "<group>"; };
		B0FE8D4F1EED87EE004AD639 /* DblLinked.cpp */ = {isa = PBXFileReference; fileEncoding = 4; lastKnownFileType = sourcecode.cpp.cpp; path = DblLinked.cpp; sourceTree = "<group>"; };
		B0FE8D501EED87EE004AD639 /* DblLinked.h */ = {isa = PBXFileReference; fileEncoding = 4; lastKnownFileType = sourcecode.c.h; path = DblLinked.h; sourceTree = "<group>"; };
		B0FE8D511EED87EE004AD639 /* LivarotDefs.h */ = {isa = PBXFileReference; fileEncoding = 4; lastKnownFileType = sourcecode.c.h; path = LivarotDefs.h; sourceTree = "<group>"; };
		B0FE8D521EED87EE004AD639 /* MyMath.h */ = {isa = PBXFileReference; fileEncoding = 4; lastKnownFileType = sourcecode.c.h; path = MyMath.h; sourceTree = "<group>"; };
		B0FE8D531EED87EE004AD639 /* Path.cpp */ = {isa = PBXFileReference; fileEncoding = 4; lastKnownFileType = sourcecode.cpp.cpp; path = Path.cpp; sourceTree = "<group>"; };
		B0FE8D541EED87EE004AD639 /* Path.h */ = {isa = PBXFileReference; fileEncoding = 4; lastKnownFileType = sourcecode.c.h; path = Path.h; sourceTree = "<group>"; };
		B0FE8D551EED87EE004AD639 /* PathConversion.cpp */ = {isa = PBXFileReference; fileEncoding = 4; lastKnownFileType = sourcecode.cpp.cpp; path = PathConversion.cpp; sourceTree = "<group>"; };
		B0FE8D561EED87EE004AD639 /* Shape.cpp */ = {isa = PBXFileReference; fileEncoding = 4; lastKnownFileType = sourcecode.cpp.cpp; path = Shape.cpp; sourceTree = "<group>"; };
		B0FE8D571EED87EE004AD639 /* Shape.h */ = {isa = PBXFileReference; fileEncoding = 4; lastKnownFileType = sourcecode.c.h; path = Shape.h; sourceTree = "<group>"; };
		B0FE8D581EED87EE004AD639 /* ShapeMisc.cpp */ = {isa = PBXFileReference; fileEncoding = 4; lastKnownFileType = sourcecode.cpp.cpp; path = ShapeMisc.cpp; sourceTree = "<group>"; };
		B0FE8D591EED87EE004AD639 /* ShapeSweep.cpp */ = {isa = PBXFileReference; fileEncoding = 4; lastKnownFileType = sourcecode.cpp.cpp; path = ShapeSweep.cpp; sourceTree = "<group>"; };
		B0FE8D5A1EED87EE004AD639 /* ShapeSweepUtils.cpp */ = {isa = PBXFileReference; fileEncoding = 4; lastKnownFileType = sourcecode.cpp.cpp; path = ShapeSweepUtils.cpp; sourceTree = "<group>"; };
		B0FE8D5B1EED87EE004AD639 /* ShapeUtils.h */ = {isa = PBXFileReference; fileEncoding = 4; lastKnownFileType = sourcecode.c.h; path = ShapeUtils.h; sourceTree = "<group>"; };
/* End PBXFileReference section */

/* Begin PBXFrameworksBuildPhase section */
		B012EE961ED27AB700198D87 /* Frameworks */ = {
			isa = PBXFrameworksBuildPhase;
			buildActionMask = 2147483647;
			files = (
				B012EF0D1ED27D6300198D87 /* libz.tbd in Frameworks */,
				B012EF091ED27D5000198D87 /* libopencv_core.a in Frameworks */,
				B012EF0A1ED27D5000198D87 /* libopencv_flann.a in Frameworks */,
				B012EF0B1ED27D5000198D87 /* libopencv_imgproc.a in Frameworks */,
			);
			runOnlyForDeploymentPostprocessing = 0;
		};
		B012EEAC1ED27AB700198D87 /* Frameworks */ = {
			isa = PBXFrameworksBuildPhase;
			buildActionMask = 2147483647;
			files = (
			);
			runOnlyForDeploymentPostprocessing = 0;
		};
		B012EEB71ED27AB700198D87 /* Frameworks */ = {
			isa = PBXFrameworksBuildPhase;
			buildActionMask = 2147483647;
			files = (
			);
			runOnlyForDeploymentPostprocessing = 0;
		};
/* End PBXFrameworksBuildPhase section */

/* Begin PBXGroup section */
		B012EE901ED27AB700198D87 = {
			isa = PBXGroup;
			children = (
				B012EF0C1ED27D6300198D87 /* libz.tbd */,
				B012EF061ED27D5000198D87 /* libopencv_core.a */,
				B012EF071ED27D5000198D87 /* libopencv_flann.a */,
				B012EF081ED27D5000198D87 /* libopencv_imgproc.a */,
				B012EE9B1ED27AB700198D87 /* LaFerrari */,
				B012EEB21ED27AB700198D87 /* LaFerrariTests */,
				B012EEBD1ED27AB700198D87 /* LaFerrariUITests */,
				B012EE9A1ED27AB700198D87 /* Products */,
			);
			sourceTree = "<group>";
		};
		B012EE9A1ED27AB700198D87 /* Products */ = {
			isa = PBXGroup;
			children = (
				B012EE991ED27AB700198D87 /* LaFerrari.app */,
				B012EEAF1ED27AB700198D87 /* LaFerrariTests.xctest */,
				B012EEBA1ED27AB700198D87 /* LaFerrariUITests.xctest */,
			);
			name = Products;
			sourceTree = "<group>";
		};
		B012EE9B1ED27AB700198D87 /* LaFerrari */ = {
			isa = PBXGroup;
			children = (
				B0FE8D4C1EED87EE004AD639 /* livarot */,
				B012EEF61ED27CD700198D87 /* AlphaSolver */,
				B012EE9C1ED27AB700198D87 /* AppDelegate.h */,
				B012EE9D1ED27AB700198D87 /* AppDelegate.m */,
				B012EEE51ED27C4500198D87 /* WindowController.h */,
				B012EEE61ED27C4500198D87 /* WindowController.m */,
				B012EEA21ED27AB700198D87 /* ViewController.h */,
				B012EEE31ED27C4500198D87 /* ViewController.mm */,
				B012EECC1ED27C4500198D87 /* KTBackgroundPickerView.h */,
				B012EECD1ED27C4500198D87 /* KTBackgroundPickerView.m */,
				B012EECE1ED27C4500198D87 /* KTBrushView.h */,
				B012EECF1ED27C4500198D87 /* KTBrushView.m */,
				B012EED01ED27C4500198D87 /* KTButton.h */,
				B012EED11ED27C4500198D87 /* KTButton.m */,
				B012EED21ED27C4500198D87 /* KTCropView.h */,
				B012EED31ED27C4500198D87 /* KTCropView.m */,
				B012EED61ED27C4500198D87 /* KTImageView.h */,
				B012EED71ED27C4500198D87 /* KTImageView.m */,
				B012EED81ED27C4500198D87 /* KTListView.h */,
				B012EED91ED27C4500198D87 /* KTListView.m */,
				B012EEDA1ED27C4500198D87 /* KTListViewItem.h */,
				B012EEDB1ED27C4500198D87 /* KTListViewItem.m */,
				B012EEDC1ED27C4500198D87 /* KTListViewItem.xib */,
				B012EEDD1ED27C4500198D87 /* KTMattingPickerView.h */,
				B012EEDE1ED27C4500198D87 /* KTMattingPickerView.m */,
				B012EEDF1ED27C4500198D87 /* KTToolbar.h */,
				B012EEE01ED27C4500198D87 /* KTToolbar.m */,
				B012EF1D1ED918D200198D87 /* KTProgressIndicator.h */,
				B012EF1E1ED918D200198D87 /* KTProgressIndicator.m */,
				B012EEE11ED27C4500198D87 /* NSImage+Utils.h */,
				B012EEE21ED27C4500198D87 /* NSImage+Utils.mm */,
				B012EF201ED9837C00198D87 /* KTMatteProcessor.h */,
				B012EF211ED9837C00198D87 /* KTMatteProcessor.mm */,
				B02F65531EF0DCA4008196F9 /* KTCanvas.h */,
				B02F65541EF0DCA4008196F9 /* KTCanvas.m */,
				B02F65591EF13056008196F9 /* KTSelectionView.h */,
				B02F655A1EF13056008196F9 /* KTSelectionView.m */,
				B02F654A1EEFE618008196F9 /* KTDrawingController.h */,
				B02F654B1EEFE618008196F9 /* KTDrawingController.m */,
				B012EF3A1EEA7A3A00198D87 /* KTDrawing.h */,
				B012EF3B1EEA7A3A00198D87 /* KTDrawing.m */,
				B012EF231EE968A000198D87 /* KTCurveFit.h */,
				B012EF241EE968A000198D87 /* KTCurveFit.m */,
				B012EF341EEA466900198D87 /* KTBezierNode.h */,
				B012EF351EEA466900198D87 /* KTBezierNode.m */,
				B012EF311EEA19E300198D87 /* KTBezierSegment.h */,
				B012EF321EEA19E300198D87 /* KTBezierSegment.m */,
				B0FE8D491EED812D004AD639 /* KTPathFinder.h */,
				B0FE8D4A1EED812D004AD639 /* KTPathFinder.mm */,
				B02F654D1EEFEFEA008196F9 /* KTImageData.h */,
				B02F654E1EEFEFEA008196F9 /* KTImageData.mm */,
				B012EF261EE96D4B00198D87 /* KTElement.h */,
				B012EF271EE96D4B00198D87 /* KTElement.m */,
				B0FE8D3D1EED5C9C004AD639 /* KTStylable.h */,
				B0FE8D3E1EED5C9C004AD639 /* KTStylable.m */,
				B0FE8D401EED6DF9004AD639 /* KTAbstractPath.h */,
				B0FE8D411EED6DF9004AD639 /* KTAbstractPath.m */,
				B0FE8D431EED7170004AD639 /* KTPath.h */,
				B0FE8D441EED7170004AD639 /* KTPath.m */,
				B08027921EED8B1D001851BB /* KTCompoundPath.h */,
				B08027931EED8B1D001851BB /* KTCompoundPath.m */,
				B02F653F1EEF9877008196F9 /* KTText.h */,
				B02F65401EEF9877008196F9 /* KTText.m */,
				B02F65501EF0C6C1008196F9 /* KTImage.h */,
				B02F65511EF0C6C1008196F9 /* KTImage.m */,
				B0FE8D141EEAA8B2004AD639 /* KTColor.h */,
				B0FE8D151EEAA8B2004AD639 /* KTColor.m */,
				B0FE8D371EED1758004AD639 /* KTGradient.h */,
				B0FE8D381EED1758004AD639 /* KTGradient.m */,
				B0FE8D3A1EED1B39004AD639 /* KTGradientStop.h */,
				B0FE8D3B1EED1B39004AD639 /* KTGradientStop.m */,
				B0FE8D191EEAF458004AD639 /* KTPickResult.h */,
				B0FE8D1A1EEAF458004AD639 /* KTPickResult.m */,
				B0FE8D461EED7A34004AD639 /* KTArrowhead.h */,
				B0FE8D471EED7A34004AD639 /* KTArrowhead.m */,
				B0FE8D1F1EEB66A2004AD639 /* KTShadow.h */,
				B0FE8D201EEB66A2004AD639 /* KTShadow.m */,
				B012EF371EEA788800198D87 /* KTLayer.h */,
				B012EF381EEA788800198D87 /* KTLayer.m */,
				B0FE8D1C1EEAF6C6004AD639 /* KTGroup.h */,
				B0FE8D1D1EEAF6C6004AD639 /* KTGroup.m */,
				B0FE8D171EEAA935004AD639 /* KTPathPainter.h */,
				B0FE8D181EEAAA18004AD639 /* KTTextRenderer.h */,
				B012EF3D1EEA87AC00198D87 /* KTXMLElement.h */,
				B012EF3E1EEA87AC00198D87 /* KTXMLElement.m */,
				B012EF401EEA891900198D87 /* KTSVGHelper.h */,
				B012EF411EEA891900198D87 /* KTSVGHelper.m */,
				B0FE8D2B1EEBB287004AD639 /* KTInspectableProperties.h */,
				B0FE8D2C1EEBB287004AD639 /* KTInspectableProperties.m */,
				B0FE8D2E1EECDBC8004AD639 /* KTPropertyManager.h */,
				B0FE8D2F1EECDBC8004AD639 /* KTPropertyManager.m */,
				B02F65421EEFAB77008196F9 /* KTUserFont.h */,
				B02F65431EEFAB77008196F9 /* KTUserFont.m */,
				B02F65451EEFB6DF008196F9 /* KTFontManager.h */,
				B02F65461EEFB6DF008196F9 /* KTFontManager.m */,
				B0FE8D311EECE57C004AD639 /* KTFillTransform.h */,
				B0FE8D321EECE57C004AD639 /* KTFillTransform.m */,
				B0FE8D341EECEFB8004AD639 /* KTStrokeStyle.h */,
				B0FE8D351EECEFB8004AD639 /* KTStrokeStyle.m */,
				B012EF2E1EEA17AC00198D87 /* KTUtilities.h */,
				B012EF2F1EEA17AC00198D87 /* KTUtilities.m */,
				B0FE8D221EEB6F23004AD639 /* KTGLUtilities.h */,
				B0FE8D231EEB6F23004AD639 /* KTGLUtilities.m */,
				B0FE8D281EEBADA6004AD639 /* NSColor+Utils.h */,
				B0FE8D291EEBADA6004AD639 /* NSColor+Utils.m */,
				B012EEE41ED27C4500198D87 /* VOL3_单品_鞋子_11.jpeg */,
				B012EF181ED436B000198D87 /* laferrari.jpg */,
				B02F65481EEFD360008196F9 /* BlendModes.plist */,
				B012EEA51ED27AB700198D87 /* Assets.xcassets */,
				B012EEA71ED27AB700198D87 /* Main.storyboard */,
				B012EEAA1ED27AB700198D87 /* Info.plist */,
				B012EE9F1ED27AB700198D87 /* Supporting Files */,
			);
			path = LaFerrari;
			sourceTree = "<group>";
		};
		B012EE9F1ED27AB700198D87 /* Supporting Files */ = {
			isa = PBXGroup;
			children = (
				B012EEA01ED27AB700198D87 /* main.m */,
			);
			name = "Supporting Files";
			sourceTree = "<group>";
		};
		B012EEB21ED27AB700198D87 /* LaFerrariTests */ = {
			isa = PBXGroup;
			children = (
				B012EEB31ED27AB700198D87 /* LaFerrariTests.m */,
				B012EEB51ED27AB700198D87 /* Info.plist */,
			);
			path = LaFerrariTests;
			sourceTree = "<group>";
		};
		B012EEBD1ED27AB700198D87 /* LaFerrariUITests */ = {
			isa = PBXGroup;
			children = (
				B012EEBE1ED27AB700198D87 /* LaFerrariUITests.m */,
				B012EEC01ED27AB700198D87 /* Info.plist */,
			);
			path = LaFerrariUITests;
			sourceTree = "<group>";
		};
		B012EEF61ED27CD700198D87 /* AlphaSolver */ = {
			isa = PBXGroup;
			children = (
				B012EEF71ED27D0B00198D87 /* AlphaSolver.cpp */,
				B012EEF81ED27D0B00198D87 /* AlphaSolver.hpp */,
				B012EEF91ED27D0B00198D87 /* FBSolver.cpp */,
				B012EEFA1ED27D0B00198D87 /* FBSolver.hpp */,
				B012EEFB1ED27D0B00198D87 /* LNSPMattor.cpp */,
				B012EEFC1ED27D0B00198D87 /* LNSPMattor.hpp */,
				B012EEFD1ED27D0B00198D87 /* PLNSPMattor.cpp */,
				B012EEFE1ED27D0B00198D87 /* PLNSPMattor.hpp */,
				B012EEFF1ED27D0B00198D87 /* SSMattor.cpp */,
				B012EF001ED27D0B00198D87 /* SSMattor.hpp */,
				B012EF1A1ED6D59300198D87 /* GCMattor.cpp */,
				B012EF1B1ED6D59300198D87 /* GCMattor.hpp */,
			);
			name = AlphaSolver;
			sourceTree = "<group>";
		};
		B0FE8D4C1EED87EE004AD639 /* livarot */ = {
			isa = PBXGroup;
			children = (
				B0FE8D4D1EED87EE004AD639 /* AVL.cpp */,
				B0FE8D4E1EED87EE004AD639 /* AVL.h */,
				B0FE8D4F1EED87EE004AD639 /* DblLinked.cpp */,
				B0FE8D501EED87EE004AD639 /* DblLinked.h */,
				B0FE8D511EED87EE004AD639 /* LivarotDefs.h */,
				B0FE8D521EED87EE004AD639 /* MyMath.h */,
				B0FE8D531EED87EE004AD639 /* Path.cpp */,
				B0FE8D541EED87EE004AD639 /* Path.h */,
				B0FE8D551EED87EE004AD639 /* PathConversion.cpp */,
				B0FE8D561EED87EE004AD639 /* Shape.cpp */,
				B0FE8D571EED87EE004AD639 /* Shape.h */,
				B0FE8D581EED87EE004AD639 /* ShapeMisc.cpp */,
				B0FE8D591EED87EE004AD639 /* ShapeSweep.cpp */,
				B0FE8D5A1EED87EE004AD639 /* ShapeSweepUtils.cpp */,
				B0FE8D5B1EED87EE004AD639 /* ShapeUtils.h */,
			);
			path = livarot;
			sourceTree = SOURCE_ROOT;
		};
/* End PBXGroup section */

/* Begin PBXNativeTarget section */
		B012EE981ED27AB700198D87 /* LaFerrari */ = {
			isa = PBXNativeTarget;
			buildConfigurationList = B012EEC31ED27AB700198D87 /* Build configuration list for PBXNativeTarget "LaFerrari" */;
			buildPhases = (
				B012EE951ED27AB700198D87 /* Sources */,
				B012EE961ED27AB700198D87 /* Frameworks */,
				B012EE971ED27AB700198D87 /* Resources */,
			);
			buildRules = (
			);
			dependencies = (
			);
			name = LaFerrari;
			productName = LaFerrari;
			productReference = B012EE991ED27AB700198D87 /* LaFerrari.app */;
			productType = "com.apple.product-type.application";
		};
		B012EEAE1ED27AB700198D87 /* LaFerrariTests */ = {
			isa = PBXNativeTarget;
			buildConfigurationList = B012EEC61ED27AB700198D87 /* Build configuration list for PBXNativeTarget "LaFerrariTests" */;
			buildPhases = (
				B012EEAB1ED27AB700198D87 /* Sources */,
				B012EEAC1ED27AB700198D87 /* Frameworks */,
				B012EEAD1ED27AB700198D87 /* Resources */,
			);
			buildRules = (
			);
			dependencies = (
				B012EEB11ED27AB700198D87 /* PBXTargetDependency */,
			);
			name = LaFerrariTests;
			productName = LaFerrariTests;
			productReference = B012EEAF1ED27AB700198D87 /* LaFerrariTests.xctest */;
			productType = "com.apple.product-type.bundle.unit-test";
		};
		B012EEB91ED27AB700198D87 /* LaFerrariUITests */ = {
			isa = PBXNativeTarget;
			buildConfigurationList = B012EEC91ED27AB700198D87 /* Build configuration list for PBXNativeTarget "LaFerrariUITests" */;
			buildPhases = (
				B012EEB61ED27AB700198D87 /* Sources */,
				B012EEB71ED27AB700198D87 /* Frameworks */,
				B012EEB81ED27AB700198D87 /* Resources */,
			);
			buildRules = (
			);
			dependencies = (
				B012EEBC1ED27AB700198D87 /* PBXTargetDependency */,
			);
			name = LaFerrariUITests;
			productName = LaFerrariUITests;
			productReference = B012EEBA1ED27AB700198D87 /* LaFerrariUITests.xctest */;
			productType = "com.apple.product-type.bundle.ui-testing";
		};
/* End PBXNativeTarget section */

/* Begin PBXProject section */
		B012EE911ED27AB700198D87 /* Project object */ = {
			isa = PBXProject;
			attributes = {
				LastUpgradeCheck = 0730;
				ORGANIZATIONNAME = stanshen;
				TargetAttributes = {
					B012EE981ED27AB700198D87 = {
						CreatedOnToolsVersion = 7.3.1;
					};
					B012EEAE1ED27AB700198D87 = {
						CreatedOnToolsVersion = 7.3.1;
						TestTargetID = B012EE981ED27AB700198D87;
					};
					B012EEB91ED27AB700198D87 = {
						CreatedOnToolsVersion = 7.3.1;
						TestTargetID = B012EE981ED27AB700198D87;
					};
				};
			};
			buildConfigurationList = B012EE941ED27AB700198D87 /* Build configuration list for PBXProject "LaFerrari" */;
			compatibilityVersion = "Xcode 3.2";
			developmentRegion = English;
			hasScannedForEncodings = 0;
			knownRegions = (
				en,
				Base,
			);
			mainGroup = B012EE901ED27AB700198D87;
			productRefGroup = B012EE9A1ED27AB700198D87 /* Products */;
			projectDirPath = "";
			projectRoot = "";
			targets = (
				B012EE981ED27AB700198D87 /* LaFerrari */,
				B012EEAE1ED27AB700198D87 /* LaFerrariTests */,
				B012EEB91ED27AB700198D87 /* LaFerrariUITests */,
			);
		};
/* End PBXProject section */

/* Begin PBXResourcesBuildPhase section */
		B012EE971ED27AB700198D87 /* Resources */ = {
			isa = PBXResourcesBuildPhase;
			buildActionMask = 2147483647;
			files = (
				B012EEA61ED27AB700198D87 /* Assets.xcassets in Resources */,
				B012EEEF1ED27C4500198D87 /* KTListViewItem.xib in Resources */,
				B012EF191ED436B000198D87 /* laferrari.jpg in Resources */,
				B012EEF41ED27C4500198D87 /* VOL3_单品_鞋子_11.jpeg in Resources */,
				B012EEA91ED27AB700198D87 /* Main.storyboard in Resources */,
				B02F65491EEFD360008196F9 /* BlendModes.plist in Resources */,
			);
			runOnlyForDeploymentPostprocessing = 0;
		};
		B012EEAD1ED27AB700198D87 /* Resources */ = {
			isa = PBXResourcesBuildPhase;
			buildActionMask = 2147483647;
			files = (
			);
			runOnlyForDeploymentPostprocessing = 0;
		};
		B012EEB81ED27AB700198D87 /* Resources */ = {
			isa = PBXResourcesBuildPhase;
			buildActionMask = 2147483647;
			files = (
			);
			runOnlyForDeploymentPostprocessing = 0;
		};
/* End PBXResourcesBuildPhase section */

/* Begin PBXSourcesBuildPhase section */
		B012EE951ED27AB700198D87 /* Sources */ = {
			isa = PBXSourcesBuildPhase;
			buildActionMask = 2147483647;
			files = (
				B02F65521EF0C6C1008196F9 /* KTImage.m in Sources */,
				B012EF021ED27D0B00198D87 /* FBSolver.cpp in Sources */,
				B02F65411EEF9877008196F9 /* KTText.m in Sources */,
				B02F654F1EEFEFEA008196F9 /* KTImageData.mm in Sources */,
				B012EF301EEA17AC00198D87 /* KTUtilities.m in Sources */,
				B012EEEA1ED27C4500198D87 /* KTCropView.m in Sources */,
				B0FE8D5E1EED87EE004AD639 /* Path.cpp in Sources */,
				B012EF1C1ED6D59300198D87 /* GCMattor.cpp in Sources */,
				B0FE8D361EECEFB8004AD639 /* KTStrokeStyle.m in Sources */,
				B012EF031ED27D0B00198D87 /* LNSPMattor.cpp in Sources */,
				B012EF051ED27D0B00198D87 /* SSMattor.cpp in Sources */,
				B012EEF31ED27C4500198D87 /* ViewController.mm in Sources */,
				B0FE8D611EED87EE004AD639 /* ShapeMisc.cpp in Sources */,
				B012EEA11ED27AB700198D87 /* main.m in Sources */,
				B0FE8D5D1EED87EE004AD639 /* DblLinked.cpp in Sources */,
				B0FE8D391EED1758004AD639 /* KTGradient.m in Sources */,
				B0FE8D241EEB6F23004AD639 /* KTGLUtilities.m in Sources */,
				B0FE8D331EECE57C004AD639 /* KTFillTransform.m in Sources */,
				B012EF281EE96D4B00198D87 /* KTElement.m in Sources */,
				B02F655B1EF13056008196F9 /* KTSelectionView.m in Sources */,
				B0FE8D161EEAA8B2004AD639 /* KTColor.m in Sources */,
				B012EEF11ED27C4500198D87 /* KTToolbar.m in Sources */,
				B012EF3F1EEA87AC00198D87 /* KTXMLElement.m in Sources */,
				B0FE8D5F1EED87EE004AD639 /* PathConversion.cpp in Sources */,
				B012EE9E1ED27AB700198D87 /* AppDelegate.m in Sources */,
				B012EF361EEA466900198D87 /* KTBezierNode.m in Sources */,
				B012EF391EEA788800198D87 /* KTLayer.m in Sources */,
				B0FE8D421EED6DF9004AD639 /* KTAbstractPath.m in Sources */,
				B012EF1F1ED918D200198D87 /* KTProgressIndicator.m in Sources */,
				B012EEF21ED27C4500198D87 /* NSImage+Utils.mm in Sources */,
				B0FE8D631EED87EE004AD639 /* ShapeSweepUtils.cpp in Sources */,
				B0FE8D2A1EEBADA6004AD639 /* NSColor+Utils.m in Sources */,
				B012EEEC1ED27C4500198D87 /* KTImageView.m in Sources */,
				B02F65551EF0DCA4008196F9 /* KTCanvas.m in Sources */,
				B0FE8D601EED87EE004AD639 /* Shape.cpp in Sources */,
				B0FE8D211EEB66A2004AD639 /* KTShadow.m in Sources */,
				B012EF331EEA19E300198D87 /* KTBezierSegment.m in Sources */,
				B012EEF51ED27C4500198D87 /* WindowController.m in Sources */,
				B02F65441EEFAB77008196F9 /* KTUserFont.m in Sources */,
				B012EEEE1ED27C4500198D87 /* KTListViewItem.m in Sources */,
				B012EF011ED27D0B00198D87 /* AlphaSolver.cpp in Sources */,
				B012EEE81ED27C4500198D87 /* KTBrushView.m in Sources */,
				B012EF3C1EEA7A3A00198D87 /* KTDrawing.m in Sources */,
				B012EF421EEA891900198D87 /* KTSVGHelper.m in Sources */,
				B012EEF01ED27C4500198D87 /* KTMattingPickerView.m in Sources */,
				B0FE8D3F1EED5C9C004AD639 /* KTStylable.m in Sources */,
				B0FE8D301EECDBC8004AD639 /* KTPropertyManager.m in Sources */,
				B0FE8D451EED7170004AD639 /* KTPath.m in Sources */,
				B02F654C1EEFE618008196F9 /* KTDrawingController.m in Sources */,
				B012EEED1ED27C4500198D87 /* KTListView.m in Sources */,
				B0FE8D2D1EEBB287004AD639 /* KTInspectableProperties.m in Sources */,
				B0FE8D481EED7A34004AD639 /* KTArrowhead.m in Sources */,
				B02F65471EEFB6DF008196F9 /* KTFontManager.m in Sources */,
				B012EEE91ED27C4500198D87 /* KTButton.m in Sources */,
				B012EF221ED9837C00198D87 /* KTMatteProcessor.mm in Sources */,
				B0FE8D3C1EED1B39004AD639 /* KTGradientStop.m in Sources */,
				B0FE8D1B1EEAF458004AD639 /* KTPickResult.m in Sources */,
				B012EF041ED27D0B00198D87 /* PLNSPMattor.cpp in Sources */,
				B012EEE71ED27C4500198D87 /* KTBackgroundPickerView.m in Sources */,
				B0FE8D4B1EED812D004AD639 /* KTPathFinder.mm in Sources */,
				B0FE8D5C1EED87EE004AD639 /* AVL.cpp in Sources */,
				B012EF251EE968A000198D87 /* KTCurveFit.m in Sources */,
				B0FE8D1E1EEAF6C6004AD639 /* KTGroup.m in Sources */,
				B0FE8D621EED87EE004AD639 /* ShapeSweep.cpp in Sources */,
				B08027941EED8B1D001851BB /* KTCompoundPath.m in Sources */,
			);
			runOnlyForDeploymentPostprocessing = 0;
		};
		B012EEAB1ED27AB700198D87 /* Sources */ = {
			isa = PBXSourcesBuildPhase;
			buildActionMask = 2147483647;
			files = (
				B012EEB41ED27AB700198D87 /* LaFerrariTests.m in Sources */,
			);
			runOnlyForDeploymentPostprocessing = 0;
		};
		B012EEB61ED27AB700198D87 /* Sources */ = {
			isa = PBXSourcesBuildPhase;
			buildActionMask = 2147483647;
			files = (
				B012EEBF1ED27AB700198D87 /* LaFerrariUITests.m in Sources */,
			);
			runOnlyForDeploymentPostprocessing = 0;
		};
/* End PBXSourcesBuildPhase section */

/* Begin PBXTargetDependency section */
		B012EEB11ED27AB700198D87 /* PBXTargetDependency */ = {
			isa = PBXTargetDependency;
			target = B012EE981ED27AB700198D87 /* LaFerrari */;
			targetProxy = B012EEB01ED27AB700198D87 /* PBXContainerItemProxy */;
		};
		B012EEBC1ED27AB700198D87 /* PBXTargetDependency */ = {
			isa = PBXTargetDependency;
			target = B012EE981ED27AB700198D87 /* LaFerrari */;
			targetProxy = B012EEBB1ED27AB700198D87 /* PBXContainerItemProxy */;
		};
/* End PBXTargetDependency section */

/* Begin PBXVariantGroup section */
		B012EEA71ED27AB700198D87 /* Main.storyboard */ = {
			isa = PBXVariantGroup;
			children = (
				B012EEA81ED27AB700198D87 /* Base */,
			);
			name = Main.storyboard;
			sourceTree = "<group>";
		};
/* End PBXVariantGroup section */

/* Begin XCBuildConfiguration section */
		B012EEC11ED27AB700198D87 /* Debug */ = {
			isa = XCBuildConfiguration;
			buildSettings = {
				ALWAYS_SEARCH_USER_PATHS = NO;
				CLANG_ANALYZER_NONNULL = YES;
				CLANG_CXX_LANGUAGE_STANDARD = "gnu++0x";
				CLANG_CXX_LIBRARY = "libc++";
				CLANG_ENABLE_MODULES = YES;
				CLANG_ENABLE_OBJC_ARC = YES;
				CLANG_WARN_BOOL_CONVERSION = YES;
				CLANG_WARN_CONSTANT_CONVERSION = YES;
				CLANG_WARN_DIRECT_OBJC_ISA_USAGE = YES_ERROR;
				CLANG_WARN_EMPTY_BODY = YES;
				CLANG_WARN_ENUM_CONVERSION = YES;
				CLANG_WARN_INT_CONVERSION = YES;
				CLANG_WARN_OBJC_ROOT_CLASS = YES_ERROR;
				CLANG_WARN_UNREACHABLE_CODE = YES;
				CLANG_WARN__DUPLICATE_METHOD_MATCH = YES;
				CODE_SIGN_IDENTITY = "-";
				COPY_PHASE_STRIP = NO;
				DEBUG_INFORMATION_FORMAT = dwarf;
				ENABLE_STRICT_OBJC_MSGSEND = YES;
				ENABLE_TESTABILITY = YES;
				GCC_C_LANGUAGE_STANDARD = gnu99;
				GCC_DYNAMIC_NO_PIC = NO;
				GCC_NO_COMMON_BLOCKS = YES;
				GCC_OPTIMIZATION_LEVEL = 0;
				GCC_PREPROCESSOR_DEFINITIONS = (
					"DEBUG=1",
					"$(inherited)",
				);
				GCC_WARN_64_TO_32_BIT_CONVERSION = YES;
				GCC_WARN_ABOUT_RETURN_TYPE = YES_ERROR;
				GCC_WARN_UNDECLARED_SELECTOR = YES;
				GCC_WARN_UNINITIALIZED_AUTOS = YES_AGGRESSIVE;
				GCC_WARN_UNUSED_FUNCTION = YES;
				GCC_WARN_UNUSED_VARIABLE = YES;
				MACOSX_DEPLOYMENT_TARGET = 10.11;
				MTL_ENABLE_DEBUG_INFO = YES;
				ONLY_ACTIVE_ARCH = YES;
				SDKROOT = macosx;
			};
			name = Debug;
		};
		B012EEC21ED27AB700198D87 /* Release */ = {
			isa = XCBuildConfiguration;
			buildSettings = {
				ALWAYS_SEARCH_USER_PATHS = NO;
				CLANG_ANALYZER_NONNULL = YES;
				CLANG_CXX_LANGUAGE_STANDARD = "gnu++0x";
				CLANG_CXX_LIBRARY = "libc++";
				CLANG_ENABLE_MODULES = YES;
				CLANG_ENABLE_OBJC_ARC = YES;
				CLANG_WARN_BOOL_CONVERSION = YES;
				CLANG_WARN_CONSTANT_CONVERSION = YES;
				CLANG_WARN_DIRECT_OBJC_ISA_USAGE = YES_ERROR;
				CLANG_WARN_EMPTY_BODY = YES;
				CLANG_WARN_ENUM_CONVERSION = YES;
				CLANG_WARN_INT_CONVERSION = YES;
				CLANG_WARN_OBJC_ROOT_CLASS = YES_ERROR;
				CLANG_WARN_UNREACHABLE_CODE = YES;
				CLANG_WARN__DUPLICATE_METHOD_MATCH = YES;
				CODE_SIGN_IDENTITY = "-";
				COPY_PHASE_STRIP = NO;
				DEBUG_INFORMATION_FORMAT = "dwarf-with-dsym";
				ENABLE_NS_ASSERTIONS = NO;
				ENABLE_STRICT_OBJC_MSGSEND = YES;
				GCC_C_LANGUAGE_STANDARD = gnu99;
				GCC_NO_COMMON_BLOCKS = YES;
				GCC_WARN_64_TO_32_BIT_CONVERSION = YES;
				GCC_WARN_ABOUT_RETURN_TYPE = YES_ERROR;
				GCC_WARN_UNDECLARED_SELECTOR = YES;
				GCC_WARN_UNINITIALIZED_AUTOS = YES_AGGRESSIVE;
				GCC_WARN_UNUSED_FUNCTION = YES;
				GCC_WARN_UNUSED_VARIABLE = YES;
				MACOSX_DEPLOYMENT_TARGET = 10.11;
				MTL_ENABLE_DEBUG_INFO = NO;
				SDKROOT = macosx;
			};
			name = Release;
		};
		B012EEC41ED27AB700198D87 /* Debug */ = {
			isa = XCBuildConfiguration;
			buildSettings = {
				ASSETCATALOG_COMPILER_APPICON_NAME = AppIcon;
				COMBINE_HIDPI_IMAGES = YES;
				HEADER_SEARCH_PATHS = "$(PROJECT_DIR)/opencv/include";
				INFOPLIST_FILE = LaFerrari/Info.plist;
				LD_RUNPATH_SEARCH_PATHS = "$(inherited) @executable_path/../Frameworks";
				LIBRARY_SEARCH_PATHS = "$(PROJECT_DIR)/opencv/lib";
				MACOSX_DEPLOYMENT_TARGET = 10.11;
				PRODUCT_BUNDLE_IDENTIFIER = com.shenyanhao.LaFerrari;
				PRODUCT_NAME = "$(TARGET_NAME)";
			};
			name = Debug;
		};
		B012EEC51ED27AB700198D87 /* Release */ = {
			isa = XCBuildConfiguration;
			buildSettings = {
				ASSETCATALOG_COMPILER_APPICON_NAME = AppIcon;
				COMBINE_HIDPI_IMAGES = YES;
				HEADER_SEARCH_PATHS = "$(PROJECT_DIR)/opencv/include";
				INFOPLIST_FILE = LaFerrari/Info.plist;
				LD_RUNPATH_SEARCH_PATHS = "$(inherited) @executable_path/../Frameworks";
				LIBRARY_SEARCH_PATHS = "$(PROJECT_DIR)/opencv/lib";
				MACOSX_DEPLOYMENT_TARGET = 10.11;
				PRODUCT_BUNDLE_IDENTIFIER = com.shenyanhao.LaFerrari;
				PRODUCT_NAME = "$(TARGET_NAME)";
			};
			name = Release;
		};
		B012EEC71ED27AB700198D87 /* Debug */ = {
			isa = XCBuildConfiguration;
			buildSettings = {
				BUNDLE_LOADER = "$(TEST_HOST)";
				COMBINE_HIDPI_IMAGES = YES;
				INFOPLIST_FILE = LaFerrariTests/Info.plist;
				LD_RUNPATH_SEARCH_PATHS = "$(inherited) @executable_path/../Frameworks @loader_path/../Frameworks";
				PRODUCT_BUNDLE_IDENTIFIER = com.shenyanhao.LaFerrariTests;
				PRODUCT_NAME = "$(TARGET_NAME)";
				TEST_HOST = "$(BUILT_PRODUCTS_DIR)/LaFerrari.app/Contents/MacOS/LaFerrari";
			};
			name = Debug;
		};
		B012EEC81ED27AB700198D87 /* Release */ = {
			isa = XCBuildConfiguration;
			buildSettings = {
				BUNDLE_LOADER = "$(TEST_HOST)";
				COMBINE_HIDPI_IMAGES = YES;
				INFOPLIST_FILE = LaFerrariTests/Info.plist;
				LD_RUNPATH_SEARCH_PATHS = "$(inherited) @executable_path/../Frameworks @loader_path/../Frameworks";
				PRODUCT_BUNDLE_IDENTIFIER = com.shenyanhao.LaFerrariTests;
				PRODUCT_NAME = "$(TARGET_NAME)";
				TEST_HOST = "$(BUILT_PRODUCTS_DIR)/LaFerrari.app/Contents/MacOS/LaFerrari";
			};
			name = Release;
		};
		B012EECA1ED27AB700198D87 /* Debug */ = {
			isa = XCBuildConfiguration;
			buildSettings = {
				COMBINE_HIDPI_IMAGES = YES;
				INFOPLIST_FILE = LaFerrariUITests/Info.plist;
				LD_RUNPATH_SEARCH_PATHS = "$(inherited) @executable_path/../Frameworks @loader_path/../Frameworks";
				PRODUCT_BUNDLE_IDENTIFIER = com.shenyanhao.LaFerrariUITests;
				PRODUCT_NAME = "$(TARGET_NAME)";
				TEST_TARGET_NAME = LaFerrari;
			};
			name = Debug;
		};
		B012EECB1ED27AB700198D87 /* Release */ = {
			isa = XCBuildConfiguration;
			buildSettings = {
				COMBINE_HIDPI_IMAGES = YES;
				INFOPLIST_FILE = LaFerrariUITests/Info.plist;
				LD_RUNPATH_SEARCH_PATHS = "$(inherited) @executable_path/../Frameworks @loader_path/../Frameworks";
				PRODUCT_BUNDLE_IDENTIFIER = com.shenyanhao.LaFerrariUITests;
				PRODUCT_NAME = "$(TARGET_NAME)";
				TEST_TARGET_NAME = LaFerrari;
			};
			name = Release;
		};
/* End XCBuildConfiguration section */

/* Begin XCConfigurationList section */
		B012EE941ED27AB700198D87 /* Build configuration list for PBXProject "LaFerrari" */ = {
			isa = XCConfigurationList;
			buildConfigurations = (
				B012EEC11ED27AB700198D87 /* Debug */,
				B012EEC21ED27AB700198D87 /* Release */,
			);
			defaultConfigurationIsVisible = 0;
			defaultConfigurationName = Release;
		};
		B012EEC31ED27AB700198D87 /* Build configuration list for PBXNativeTarget "LaFerrari" */ = {
			isa = XCConfigurationList;
			buildConfigurations = (
				B012EEC41ED27AB700198D87 /* Debug */,
				B012EEC51ED27AB700198D87 /* Release */,
			);
			defaultConfigurationIsVisible = 0;
			defaultConfigurationName = Release;
		};
		B012EEC61ED27AB700198D87 /* Build configuration list for PBXNativeTarget "LaFerrariTests" */ = {
			isa = XCConfigurationList;
			buildConfigurations = (
				B012EEC71ED27AB700198D87 /* Debug */,
				B012EEC81ED27AB700198D87 /* Release */,
			);
			defaultConfigurationIsVisible = 0;
			defaultConfigurationName = Release;
		};
		B012EEC91ED27AB700198D87 /* Build configuration list for PBXNativeTarget "LaFerrariUITests" */ = {
			isa = XCConfigurationList;
			buildConfigurations = (
				B012EECA1ED27AB700198D87 /* Debug */,
				B012EECB1ED27AB700198D87 /* Release */,
			);
			defaultConfigurationIsVisible = 0;
			defaultConfigurationName = Release;
		};
/* End XCConfigurationList section */
	};
	rootObject = B012EE911ED27AB700198D87 /* Project object */;
}
